
Microsoft Visual Studio Solution File, Format Version 12.00
# Visual Studio Version 17
VisualStudioVersion = 17.3.32929.385
MinimumVisualStudioVersion = 10.0.40219.1
Project("{9A19103F-16F7-4668-BE54-9A1E7A4F7556}") = "996A", "996A\996A.csproj", "{5A71696E-8376-4234-8D3A-6F23EEF38E29}"
EndProject
Project("{9A19103F-16F7-4668-BE54-9A1E7A4F7556}") = "112A", "112A\112A.csproj", "{86245AEA-3DE8-4FAB-BA09-254EDAABE589}"
EndProject
Project("{9A19103F-16F7-4668-BE54-9A1E7A4F7556}") = "1154A", "1154A\1154A.csproj", "{8A7F0454-977B-485F-9F81-31B24A67FD3B}"
EndProject
Project("{9A19103F-16F7-4668-BE54-9A1E7A4F7556}") = "116A", "116A\116A.csproj", "{77882EA3-AB5C-4F3D-B1C3-C7B66C09920F}"
EndProject
Project("{9A19103F-16F7-4668-BE54-9A1E7A4F7556}") = "1328A", "1328A\1328A.csproj", "{5C4E481E-C643-4733-B5BB-57DD2AD7BAB4}"
EndProject
Project("{9A19103F-16F7-4668-BE54-9A1E7A4F7556}") = "1335A", "1335A\1335A.csproj", "{C92E4DD7-5986-4D06-B19F-AACF8333D81D}"
EndProject
Project("{9A19103F-16F7-4668-BE54-9A1E7A4F7556}") = "1343B", "1343B\1343B.csproj", "{F7291C2C-1EB3-40E0-A369-6CA515CB620F}"
EndProject
Project("{9A19103F-16F7-4668-BE54-9A1E7A4F7556}") = "1352A", "1352A\1352A.csproj", "{C64C3B9E-F85F-4E4F-9512-FB8567CB9DC8}"
EndProject
Project("{9A19103F-16F7-4668-BE54-9A1E7A4F7556}") = "1367A", "1367A\1367A.csproj", "{B0BA09CB-2758-4F39-8C25-F81917E82DC3}"
EndProject
Project("{9A19103F-16F7-4668-BE54-9A1E7A4F7556}") = "114A", "114A\114A.csproj", "{441959FB-2FC9-4B4E-BEFD-C2EBCC6F728E}"
EndProject
Project("{9A19103F-16F7-4668-BE54-9A1E7A4F7556}") = "148A", "148A\148A.csproj", "{6F17FEE3-4AC9-41B3-B5F8-B2E2994C9769}"
EndProject
Project("{9A19103F-16F7-4668-BE54-9A1E7A4F7556}") = "1619A", "1619A\1619A.csproj", "{2B35B478-264A-4E6A-A819-606D844FE622}"
EndProject
Project("{9A19103F-16F7-4668-BE54-9A1E7A4F7556}") = "1624A", "1624A\1624A.csproj", "{CCC6FD71-FCA4-451C-82D3-4B178181F1DD}"
EndProject
Project("{9A19103F-16F7-4668-BE54-9A1E7A4F7556}") = "200B", "200B\200B.csproj", "{9D996779-1DB1-4A7C-B236-E10A8074BC47}"
EndProject
Project("{9A19103F-16F7-4668-BE54-9A1E7A4F7556}") = "263A", "263A\263A.csproj", "{00CC62F4-0F1C-4003-A7A7-3DD713E96D9F}"
EndProject
Project("{9A19103F-16F7-4668-BE54-9A1E7A4F7556}") = "266A", "266A\266A.csproj", "{9DCA5DFD-A097-4A46-A01E-689EA3DBDA52}"
EndProject
Project("{9A19103F-16F7-4668-BE54-9A1E7A4F7556}") = "268A", "268A\268A.csproj", "{CF23584D-FC8E-4339-9AB7-05D9FEDA28EB}"
EndProject
Project("{9A19103F-16F7-4668-BE54-9A1E7A4F7556}") = "472A", "472A\472A.csproj", "{DC409A72-98A3-4950-9F3E-378421B598C8}"
EndProject
Project("{9A19103F-16F7-4668-BE54-9A1E7A4F7556}") = "432A", "432A\432A.csproj", "{85B02862-0BB6-4E00-9985-99E19124760C}"
EndProject
Project("{9A19103F-16F7-4668-BE54-9A1E7A4F7556}") = "427A", "427A\427A.csproj", "{B15BBADA-3B9D-4132-90CD-ABB17895786D}"
EndProject
Project("{9A19103F-16F7-4668-BE54-9A1E7A4F7556}") = "339A", "339A\339A.csproj", "{0A2BA0EA-7762-4587-898F-EE646C0ABADC}"
EndProject
Project("{9A19103F-16F7-4668-BE54-9A1E7A4F7556}") = "272A", "272A\272A.csproj", "{FF7E3C4E-0656-4EFD-A875-D642AA8F2535}"
EndProject
Project("{9A19103F-16F7-4668-BE54-9A1E7A4F7556}") = "469A", "469A\469A.csproj", "{D3EA41E6-08F7-41B9-A2E8-F0E2D03BF4D0}"
EndProject
Project("{FAE04EC0-301F-11D3-BF4B-00C04F79EFBC}") = "510A", "510A\510A.csproj", "{105D6CEC-C9E1-4843-82B3-4FCC9705DEBE}"
EndProject
Project("{FAE04EC0-301F-11D3-BF4B-00C04F79EFBC}") = "50A", "50A\50A.csproj", "{C919A3E8-717F-44CA-A79A-E6A18D8B7FBB}"
EndProject
Project("{FAE04EC0-301F-11D3-BF4B-00C04F79EFBC}") = "581A", "581A\581A.csproj", "{B2F66F52-B3C9-4753-B011-570B9F7835FD}"
EndProject
Project("{FAE04EC0-301F-11D3-BF4B-00C04F79EFBC}") = "122A", "122A\122A.csproj", "{C9B25823-E75A-4240-BE43-DFB25066AD5E}"
EndProject
Project("{FAE04EC0-301F-11D3-BF4B-00C04F79EFBC}") = "61A", "61A\61A.csproj", "{7A8AF3BB-C7AF-4382-8478-C7FA2585C7D4}"
EndProject
Project("{FAE04EC0-301F-11D3-BF4B-00C04F79EFBC}") = "705A", "705A\705A.csproj", "{301F0E0C-9436-4529-BF68-B7CA7DDF9712}"
EndProject
Project("{FAE04EC0-301F-11D3-BF4B-00C04F79EFBC}") = "158A", "158A\158A.csproj", "{093746E5-1202-487E-9929-C06FC03C93D3}"
EndProject
Project("{FAE04EC0-301F-11D3-BF4B-00C04F79EFBC}") = "1676A", "1676A\1676A.csproj", "{03C4EBB3-909B-4F82-B3FC-186E513711A3}"
EndProject
Project("{FAE04EC0-301F-11D3-BF4B-00C04F79EFBC}") = "236A", "236A\236A.csproj", "{286646D4-3FFE-4D55-8974-E727800EE59F}"
EndProject
Global
	GlobalSection(SolutionConfigurationPlatforms) = preSolution
		Debug|Any CPU = Debug|Any CPU
		Release|Any CPU = Release|Any CPU
	EndGlobalSection
	GlobalSection(ProjectConfigurationPlatforms) = postSolution
		{5A71696E-8376-4234-8D3A-6F23EEF38E29}.Debug|Any CPU.ActiveCfg = Debug|Any CPU
		{5A71696E-8376-4234-8D3A-6F23EEF38E29}.Debug|Any CPU.Build.0 = Debug|Any CPU
		{5A71696E-8376-4234-8D3A-6F23EEF38E29}.Release|Any CPU.ActiveCfg = Release|Any CPU
		{5A71696E-8376-4234-8D3A-6F23EEF38E29}.Release|Any CPU.Build.0 = Release|Any CPU
		{86245AEA-3DE8-4FAB-BA09-254EDAABE589}.Debug|Any CPU.ActiveCfg = Debug|Any CPU
		{86245AEA-3DE8-4FAB-BA09-254EDAABE589}.Debug|Any CPU.Build.0 = Debug|Any CPU
		{86245AEA-3DE8-4FAB-BA09-254EDAABE589}.Release|Any CPU.ActiveCfg = Release|Any CPU
		{86245AEA-3DE8-4FAB-BA09-254EDAABE589}.Release|Any CPU.Build.0 = Release|Any CPU
		{8A7F0454-977B-485F-9F81-31B24A67FD3B}.Debug|Any CPU.ActiveCfg = Debug|Any CPU
		{8A7F0454-977B-485F-9F81-31B24A67FD3B}.Debug|Any CPU.Build.0 = Debug|Any CPU
		{8A7F0454-977B-485F-9F81-31B24A67FD3B}.Release|Any CPU.ActiveCfg = Release|Any CPU
		{8A7F0454-977B-485F-9F81-31B24A67FD3B}.Release|Any CPU.Build.0 = Release|Any CPU
		{77882EA3-AB5C-4F3D-B1C3-C7B66C09920F}.Debug|Any CPU.ActiveCfg = Debug|Any CPU
		{77882EA3-AB5C-4F3D-B1C3-C7B66C09920F}.Debug|Any CPU.Build.0 = Debug|Any CPU
		{77882EA3-AB5C-4F3D-B1C3-C7B66C09920F}.Release|Any CPU.ActiveCfg = Release|Any CPU
		{77882EA3-AB5C-4F3D-B1C3-C7B66C09920F}.Release|Any CPU.Build.0 = Release|Any CPU
		{5C4E481E-C643-4733-B5BB-57DD2AD7BAB4}.Debug|Any CPU.ActiveCfg = Debug|Any CPU
		{5C4E481E-C643-4733-B5BB-57DD2AD7BAB4}.Debug|Any CPU.Build.0 = Debug|Any CPU
		{5C4E481E-C643-4733-B5BB-57DD2AD7BAB4}.Release|Any CPU.ActiveCfg = Release|Any CPU
		{5C4E481E-C643-4733-B5BB-57DD2AD7BAB4}.Release|Any CPU.Build.0 = Release|Any CPU
		{C92E4DD7-5986-4D06-B19F-AACF8333D81D}.Debug|Any CPU.ActiveCfg = Debug|Any CPU
		{C92E4DD7-5986-4D06-B19F-AACF8333D81D}.Debug|Any CPU.Build.0 = Debug|Any CPU
		{C92E4DD7-5986-4D06-B19F-AACF8333D81D}.Release|Any CPU.ActiveCfg = Release|Any CPU
		{C92E4DD7-5986-4D06-B19F-AACF8333D81D}.Release|Any CPU.Build.0 = Release|Any CPU
		{F7291C2C-1EB3-40E0-A369-6CA515CB620F}.Debug|Any CPU.ActiveCfg = Debug|Any CPU
		{F7291C2C-1EB3-40E0-A369-6CA515CB620F}.Debug|Any CPU.Build.0 = Debug|Any CPU
		{F7291C2C-1EB3-40E0-A369-6CA515CB620F}.Release|Any CPU.ActiveCfg = Release|Any CPU
		{F7291C2C-1EB3-40E0-A369-6CA515CB620F}.Release|Any CPU.Build.0 = Release|Any CPU
		{C64C3B9E-F85F-4E4F-9512-FB8567CB9DC8}.Debug|Any CPU.ActiveCfg = Debug|Any CPU
		{C64C3B9E-F85F-4E4F-9512-FB8567CB9DC8}.Debug|Any CPU.Build.0 = Debug|Any CPU
		{C64C3B9E-F85F-4E4F-9512-FB8567CB9DC8}.Release|Any CPU.ActiveCfg = Release|Any CPU
		{C64C3B9E-F85F-4E4F-9512-FB8567CB9DC8}.Release|Any CPU.Build.0 = Release|Any CPU
		{B0BA09CB-2758-4F39-8C25-F81917E82DC3}.Debug|Any CPU.ActiveCfg = Debug|Any CPU
		{B0BA09CB-2758-4F39-8C25-F81917E82DC3}.Debug|Any CPU.Build.0 = Debug|Any CPU
		{B0BA09CB-2758-4F39-8C25-F81917E82DC3}.Release|Any CPU.ActiveCfg = Release|Any CPU
		{B0BA09CB-2758-4F39-8C25-F81917E82DC3}.Release|Any CPU.Build.0 = Release|Any CPU
		{441959FB-2FC9-4B4E-BEFD-C2EBCC6F728E}.Debug|Any CPU.ActiveCfg = Debug|Any CPU
		{441959FB-2FC9-4B4E-BEFD-C2EBCC6F728E}.Debug|Any CPU.Build.0 = Debug|Any CPU
		{441959FB-2FC9-4B4E-BEFD-C2EBCC6F728E}.Release|Any CPU.ActiveCfg = Release|Any CPU
		{441959FB-2FC9-4B4E-BEFD-C2EBCC6F728E}.Release|Any CPU.Build.0 = Release|Any CPU
		{6F17FEE3-4AC9-41B3-B5F8-B2E2994C9769}.Debug|Any CPU.ActiveCfg = Debug|Any CPU
		{6F17FEE3-4AC9-41B3-B5F8-B2E2994C9769}.Debug|Any CPU.Build.0 = Debug|Any CPU
		{6F17FEE3-4AC9-41B3-B5F8-B2E2994C9769}.Release|Any CPU.ActiveCfg = Release|Any CPU
		{6F17FEE3-4AC9-41B3-B5F8-B2E2994C9769}.Release|Any CPU.Build.0 = Release|Any CPU
		{2B35B478-264A-4E6A-A819-606D844FE622}.Debug|Any CPU.ActiveCfg = Debug|Any CPU
		{2B35B478-264A-4E6A-A819-606D844FE622}.Debug|Any CPU.Build.0 = Debug|Any CPU
		{2B35B478-264A-4E6A-A819-606D844FE622}.Release|Any CPU.ActiveCfg = Release|Any CPU
		{2B35B478-264A-4E6A-A819-606D844FE622}.Release|Any CPU.Build.0 = Release|Any CPU
		{CCC6FD71-FCA4-451C-82D3-4B178181F1DD}.Debug|Any CPU.ActiveCfg = Debug|Any CPU
		{CCC6FD71-FCA4-451C-82D3-4B178181F1DD}.Debug|Any CPU.Build.0 = Debug|Any CPU
		{CCC6FD71-FCA4-451C-82D3-4B178181F1DD}.Release|Any CPU.ActiveCfg = Release|Any CPU
		{CCC6FD71-FCA4-451C-82D3-4B178181F1DD}.Release|Any CPU.Build.0 = Release|Any CPU
		{9D996779-1DB1-4A7C-B236-E10A8074BC47}.Debug|Any CPU.ActiveCfg = Debug|Any CPU
		{9D996779-1DB1-4A7C-B236-E10A8074BC47}.Debug|Any CPU.Build.0 = Debug|Any CPU
		{9D996779-1DB1-4A7C-B236-E10A8074BC47}.Release|Any CPU.ActiveCfg = Release|Any CPU
		{9D996779-1DB1-4A7C-B236-E10A8074BC47}.Release|Any CPU.Build.0 = Release|Any CPU
		{00CC62F4-0F1C-4003-A7A7-3DD713E96D9F}.Debug|Any CPU.ActiveCfg = Debug|Any CPU
		{00CC62F4-0F1C-4003-A7A7-3DD713E96D9F}.Debug|Any CPU.Build.0 = Debug|Any CPU
		{00CC62F4-0F1C-4003-A7A7-3DD713E96D9F}.Release|Any CPU.ActiveCfg = Release|Any CPU
		{00CC62F4-0F1C-4003-A7A7-3DD713E96D9F}.Release|Any CPU.Build.0 = Release|Any CPU
		{9DCA5DFD-A097-4A46-A01E-689EA3DBDA52}.Debug|Any CPU.ActiveCfg = Debug|Any CPU
		{9DCA5DFD-A097-4A46-A01E-689EA3DBDA52}.Debug|Any CPU.Build.0 = Debug|Any CPU
		{9DCA5DFD-A097-4A46-A01E-689EA3DBDA52}.Release|Any CPU.ActiveCfg = Release|Any CPU
		{9DCA5DFD-A097-4A46-A01E-689EA3DBDA52}.Release|Any CPU.Build.0 = Release|Any CPU
		{CF23584D-FC8E-4339-9AB7-05D9FEDA28EB}.Debug|Any CPU.ActiveCfg = Debug|Any CPU
		{CF23584D-FC8E-4339-9AB7-05D9FEDA28EB}.Debug|Any CPU.Build.0 = Debug|Any CPU
		{CF23584D-FC8E-4339-9AB7-05D9FEDA28EB}.Release|Any CPU.ActiveCfg = Release|Any CPU
		{CF23584D-FC8E-4339-9AB7-05D9FEDA28EB}.Release|Any CPU.Build.0 = Release|Any CPU
		{DC409A72-98A3-4950-9F3E-378421B598C8}.Debug|Any CPU.ActiveCfg = Debug|Any CPU
		{DC409A72-98A3-4950-9F3E-378421B598C8}.Debug|Any CPU.Build.0 = Debug|Any CPU
		{DC409A72-98A3-4950-9F3E-378421B598C8}.Release|Any CPU.ActiveCfg = Release|Any CPU
		{DC409A72-98A3-4950-9F3E-378421B598C8}.Release|Any CPU.Build.0 = Release|Any CPU
		{85B02862-0BB6-4E00-9985-99E19124760C}.Debug|Any CPU.ActiveCfg = Debug|Any CPU
		{85B02862-0BB6-4E00-9985-99E19124760C}.Debug|Any CPU.Build.0 = Debug|Any CPU
		{85B02862-0BB6-4E00-9985-99E19124760C}.Release|Any CPU.ActiveCfg = Release|Any CPU
		{85B02862-0BB6-4E00-9985-99E19124760C}.Release|Any CPU.Build.0 = Release|Any CPU
		{B15BBADA-3B9D-4132-90CD-ABB17895786D}.Debug|Any CPU.ActiveCfg = Debug|Any CPU
		{B15BBADA-3B9D-4132-90CD-ABB17895786D}.Debug|Any CPU.Build.0 = Debug|Any CPU
		{B15BBADA-3B9D-4132-90CD-ABB17895786D}.Release|Any CPU.ActiveCfg = Release|Any CPU
		{B15BBADA-3B9D-4132-90CD-ABB17895786D}.Release|Any CPU.Build.0 = Release|Any CPU
		{0A2BA0EA-7762-4587-898F-EE646C0ABADC}.Debug|Any CPU.ActiveCfg = Debug|Any CPU
		{0A2BA0EA-7762-4587-898F-EE646C0ABADC}.Debug|Any CPU.Build.0 = Debug|Any CPU
		{0A2BA0EA-7762-4587-898F-EE646C0ABADC}.Release|Any CPU.ActiveCfg = Release|Any CPU
		{0A2BA0EA-7762-4587-898F-EE646C0ABADC}.Release|Any CPU.Build.0 = Release|Any CPU
		{FF7E3C4E-0656-4EFD-A875-D642AA8F2535}.Debug|Any CPU.ActiveCfg = Debug|Any CPU
		{FF7E3C4E-0656-4EFD-A875-D642AA8F2535}.Debug|Any CPU.Build.0 = Debug|Any CPU
		{FF7E3C4E-0656-4EFD-A875-D642AA8F2535}.Release|Any CPU.ActiveCfg = Release|Any CPU
		{FF7E3C4E-0656-4EFD-A875-D642AA8F2535}.Release|Any CPU.Build.0 = Release|Any CPU
		{D3EA41E6-08F7-41B9-A2E8-F0E2D03BF4D0}.Debug|Any CPU.ActiveCfg = Debug|Any CPU
		{D3EA41E6-08F7-41B9-A2E8-F0E2D03BF4D0}.Debug|Any CPU.Build.0 = Debug|Any CPU
		{D3EA41E6-08F7-41B9-A2E8-F0E2D03BF4D0}.Release|Any CPU.ActiveCfg = Release|Any CPU
		{D3EA41E6-08F7-41B9-A2E8-F0E2D03BF4D0}.Release|Any CPU.Build.0 = Release|Any CPU
		{105D6CEC-C9E1-4843-82B3-4FCC9705DEBE}.Debug|Any CPU.ActiveCfg = Debug|Any CPU
		{105D6CEC-C9E1-4843-82B3-4FCC9705DEBE}.Debug|Any CPU.Build.0 = Debug|Any CPU
		{105D6CEC-C9E1-4843-82B3-4FCC9705DEBE}.Release|Any CPU.ActiveCfg = Release|Any CPU
		{105D6CEC-C9E1-4843-82B3-4FCC9705DEBE}.Release|Any CPU.Build.0 = Release|Any CPU
		{C919A3E8-717F-44CA-A79A-E6A18D8B7FBB}.Debug|Any CPU.ActiveCfg = Debug|Any CPU
		{C919A3E8-717F-44CA-A79A-E6A18D8B7FBB}.Debug|Any CPU.Build.0 = Debug|Any CPU
		{C919A3E8-717F-44CA-A79A-E6A18D8B7FBB}.Release|Any CPU.ActiveCfg = Release|Any CPU
		{C919A3E8-717F-44CA-A79A-E6A18D8B7FBB}.Release|Any CPU.Build.0 = Release|Any CPU
		{B2F66F52-B3C9-4753-B011-570B9F7835FD}.Debug|Any CPU.ActiveCfg = Debug|Any CPU
		{B2F66F52-B3C9-4753-B011-570B9F7835FD}.Debug|Any CPU.Build.0 = Debug|Any CPU
		{B2F66F52-B3C9-4753-B011-570B9F7835FD}.Release|Any CPU.ActiveCfg = Release|Any CPU
		{B2F66F52-B3C9-4753-B011-570B9F7835FD}.Release|Any CPU.Build.0 = Release|Any CPU
		{C9B25823-E75A-4240-BE43-DFB25066AD5E}.Debug|Any CPU.ActiveCfg = Debug|Any CPU
		{C9B25823-E75A-4240-BE43-DFB25066AD5E}.Debug|Any CPU.Build.0 = Debug|Any CPU
		{C9B25823-E75A-4240-BE43-DFB25066AD5E}.Release|Any CPU.ActiveCfg = Release|Any CPU
		{C9B25823-E75A-4240-BE43-DFB25066AD5E}.Release|Any CPU.Build.0 = Release|Any CPU
		{7A8AF3BB-C7AF-4382-8478-C7FA2585C7D4}.Debug|Any CPU.ActiveCfg = Debug|Any CPU
		{7A8AF3BB-C7AF-4382-8478-C7FA2585C7D4}.Debug|Any CPU.Build.0 = Debug|Any CPU
		{7A8AF3BB-C7AF-4382-8478-C7FA2585C7D4}.Release|Any CPU.ActiveCfg = Release|Any CPU
		{7A8AF3BB-C7AF-4382-8478-C7FA2585C7D4}.Release|Any CPU.Build.0 = Release|Any CPU
		{301F0E0C-9436-4529-BF68-B7CA7DDF9712}.Debug|Any CPU.ActiveCfg = Debug|Any CPU
		{301F0E0C-9436-4529-BF68-B7CA7DDF9712}.Debug|Any CPU.Build.0 = Debug|Any CPU
		{301F0E0C-9436-4529-BF68-B7CA7DDF9712}.Release|Any CPU.ActiveCfg = Release|Any CPU
		{301F0E0C-9436-4529-BF68-B7CA7DDF9712}.Release|Any CPU.Build.0 = Release|Any CPU
		{093746E5-1202-487E-9929-C06FC03C93D3}.Debug|Any CPU.ActiveCfg = Debug|Any CPU
		{093746E5-1202-487E-9929-C06FC03C93D3}.Debug|Any CPU.Build.0 = Debug|Any CPU
		{093746E5-1202-487E-9929-C06FC03C93D3}.Release|Any CPU.ActiveCfg = Release|Any CPU
		{093746E5-1202-487E-9929-C06FC03C93D3}.Release|Any CPU.Build.0 = Release|Any CPU
		{03C4EBB3-909B-4F82-B3FC-186E513711A3}.Debug|Any CPU.ActiveCfg = Debug|Any CPU
		{03C4EBB3-909B-4F82-B3FC-186E513711A3}.Debug|Any CPU.Build.0 = Debug|Any CPU
		{03C4EBB3-909B-4F82-B3FC-186E513711A3}.Release|Any CPU.ActiveCfg = Release|Any CPU
		{03C4EBB3-909B-4F82-B3FC-186E513711A3}.Release|Any CPU.Build.0 = Release|Any CPU
		{286646D4-3FFE-4D55-8974-E727800EE59F}.Debug|Any CPU.ActiveCfg = Debug|Any CPU
		{286646D4-3FFE-4D55-8974-E727800EE59F}.Debug|Any CPU.Build.0 = Debug|Any CPU
		{286646D4-3FFE-4D55-8974-E727800EE59F}.Release|Any CPU.ActiveCfg = Release|Any CPU
		{286646D4-3FFE-4D55-8974-E727800EE59F}.Release|Any CPU.Build.0 = Release|Any CPU
	EndGlobalSection
	GlobalSection(SolutionProperties) = preSolution
		HideSolutionNode = FALSE
	EndGlobalSection
	GlobalSection(ExtensibilityGlobals) = postSolution
		SolutionGuid = {B8BE13F1-515B-406C-B67E-5B57DC676F8B}
	EndGlobalSection
EndGlobal
